// !$*UTF8*$!
{
	archiveVersion = 1;
	classes = {
	};
	objectVersion = 50;
	objects = {

/* Begin PBXBuildFile section */
		428D879722D473710085A6E8 /* RestaurantTableViewCell.swift in Sources */ = {isa = PBXBuildFile; fileRef = 428D879622D473710085A6E8 /* RestaurantTableViewCell.swift */; };
		4299132C22D41F6100BC5A1F /* AppDelegate.swift in Sources */ = {isa = PBXBuildFile; fileRef = 4299132B22D41F6100BC5A1F /* AppDelegate.swift */; };
		4299133122D41F6100BC5A1F /* Main.storyboard in Resources */ = {isa = PBXBuildFile; fileRef = 4299132F22D41F6100BC5A1F /* Main.storyboard */; };
		4299133322D41F6A00BC5A1F /* Assets.xcassets in Resources */ = {isa = PBXBuildFile; fileRef = 4299133222D41F6A00BC5A1F /* Assets.xcassets */; };
		4299133622D41F6A00BC5A1F /* LaunchScreen.storyboard in Resources */ = {isa = PBXBuildFile; fileRef = 4299133422D41F6A00BC5A1F /* LaunchScreen.storyboard */; };
		4299134022D4246300BC5A1F /* RestaurantTableViewController.swift in Sources */ = {isa = PBXBuildFile; fileRef = 4299133F22D4246300BC5A1F /* RestaurantTableViewController.swift */; };
/* End PBXBuildFile section */

/* Begin PBXFileReference section */
		428D879622D473710085A6E8 /* RestaurantTableViewCell.swift */ = {isa = PBXFileReference; lastKnownFileType = sourcecode.swift; path = RestaurantTableViewCell.swift; sourceTree = "<group>"; };
		4299132822D41F6100BC5A1F /* FoodPin__Text.app */ = {isa = PBXFileReference; explicitFileType = wrapper.application; includeInIndex = 0; path = FoodPin__Text.app; sourceTree = BUILT_PRODUCTS_DIR; };
		4299132B22D41F6100BC5A1F /* AppDelegate.swift */ = {isa = PBXFileReference; lastKnownFileType = sourcecode.swift; path = AppDelegate.swift; sourceTree = "<group>"; };
		4299133022D41F6100BC5A1F /* Base */ = {isa = PBXFileReference; lastKnownFileType = file.storyboard; name = Base; path = Base.lproj/Main.storyboard; sourceTree = "<group>"; };
		4299133222D41F6A00BC5A1F /* Assets.xcassets */ = {isa = PBXFileReference; lastKnownFileType = folder.assetcatalog; path = Assets.xcassets; sourceTree = "<group>"; };
		4299133522D41F6A00BC5A1F /* Base */ = {isa = PBXFileReference; lastKnownFileType = file.storyboard; name = Base; path = Base.lproj/LaunchScreen.storyboard; sourceTree = "<group>"; };
		4299133722D41F6A00BC5A1F /* Info.plist */ = {isa = PBXFileReference; lastKnownFileType = text.plist.xml; path = Info.plist; sourceTree = "<group>"; };
		4299133F22D4246300BC5A1F /* RestaurantTableViewController.swift */ = {isa = PBXFileReference; lastKnownFileType = sourcecode.swift; path = RestaurantTableViewController.swift; sourceTree = "<group>"; };
/* End PBXFileReference section */

/* Begin PBXFrameworksBuildPhase section */
		4299132522D41F6100BC5A1F /* Frameworks */ = {
			isa = PBXFrameworksBuildPhase;
			buildActionMask = 2147483647;
			files = (
			);
			runOnlyForDeploymentPostprocessing = 0;
		};
/* End PBXFrameworksBuildPhase section */

/* Begin PBXGroup section */
		4299131F22D41F6100BC5A1F = {
			isa = PBXGroup;
			children = (
				4299132A22D41F6100BC5A1F /* FoodPin__Text */,
				4299132922D41F6100BC5A1F /* Products */,
			);
			sourceTree = "<group>";
		};
		4299132922D41F6100BC5A1F /* Products */ = {
			isa = PBXGroup;
			children = (
				4299132822D41F6100BC5A1F /* FoodPin__Text.app */,
			);
			name = Products;
			sourceTree = "<group>";
		};
		4299132A22D41F6100BC5A1F /* FoodPin__Text */ = {
			isa = PBXGroup;
			children = (
				4299132B22D41F6100BC5A1F /* AppDelegate.swift */,
				4299132F22D41F6100BC5A1F /* Main.storyboard */,
				4299133222D41F6A00BC5A1F /* Assets.xcassets */,
				4299133422D41F6A00BC5A1F /* LaunchScreen.storyboard */,
				4299133722D41F6A00BC5A1F /* Info.plist */,
				4299133F22D4246300BC5A1F /* RestaurantTableViewController.swift */,
				428D879622D473710085A6E8 /* RestaurantTableViewCell.swift */,
			);
			path = FoodPin__Text;
			sourceTree = "<group>";
		};
/* End PBXGroup section */

/* Begin PBXNativeTarget section */
		4299132722D41F6100BC5A1F /* FoodPin__Text */ = {
			isa = PBXNativeTarget;
			buildConfigurationList = 4299133A22D41F6A00BC5A1F /* Build configuration list for PBXNativeTarget "FoodPin__Text" */;
			buildPhases = (
				4299132422D41F6100BC5A1F /* Sources */,
				4299132522D41F6100BC5A1F /* Frameworks */,
				4299132622D41F6100BC5A1F /* Resources */,
			);
			buildRules = (
			);
			dependencies = (
			);
			name = FoodPin__Text;
			productName = FoodPin__Text;
			productReference = 4299132822D41F6100BC5A1F /* FoodPin__Text.app */;
			productType = "com.apple.product-type.application";
		};
/* End PBXNativeTarget section */

/* Begin PBXProject section */
		4299132022D41F6100BC5A1F /* Project object */ = {
			isa = PBXProject;
			attributes = {
				LastSwiftUpdateCheck = 1020;
				LastUpgradeCheck = 1020;
				ORGANIZATIONNAME = cc;
				TargetAttributes = {
					4299132722D41F6100BC5A1F = {
						CreatedOnToolsVersion = 10.2.1;
					};
				};
			};
			buildConfigurationList = 4299132322D41F6100BC5A1F /* Build configuration list for PBXProject "FoodPin__Text" */;
			compatibilityVersion = "Xcode 9.3";
			developmentRegion = en;
			hasScannedForEncodings = 0;
			knownRegions = (
				en,
				Base,
			);
			mainGroup = 4299131F22D41F6100BC5A1F;
			productRefGroup = 4299132922D41F6100BC5A1F /* Products */;
			projectDirPath = "";
			projectRoot = "";
			targets = (
				4299132722D41F6100BC5A1F /* FoodPin__Text */,
			);
		};
/* End PBXProject section */

/* Begin PBXResourcesBuildPhase section */
		4299132622D41F6100BC5A1F /* Resources */ = {
			isa = PBXResourcesBuildPhase;
			buildActionMask = 2147483647;
			files = (
				4299133622D41F6A00BC5A1F /* LaunchScreen.storyboard in Resources */,
				4299133322D41F6A00BC5A1F /* Assets.xcassets in Resources */,
				4299133122D41F6100BC5A1F /* Main.storyboard in Resources */,
			);
			runOnlyForDeploymentPostprocessing = 0;
		};
/* End PBXResourcesBuildPhase section */

/* Begin PBXSourcesBuildPhase section */
		4299132422D41F6100BC5A1F /* Sources */ = {
			isa = PBXSourcesBuildPhase;
			buildActionMask = 2147483647;
			files = (
				4299134022D4246300BC5A1F /* RestaurantTableViewController.swift in Sources */,
				428D879722D473710085A6E8 /* RestaurantTableViewCell.swift in Sources */,
				4299132C22D41F6100BC5A1F /* AppDelegate.swift in Sources */,
			);
			runOnlyForDeploymentPostprocessing = 0;
		};
/* End PBXSourcesBuildPhase section */

/* Begin PBXVariantGroup section */
		4299132F22D41F6100BC5A1F /* Main.storyboard */ = {
			isa = PBXVariantGroup;
			children = (
				4299133022D41F6100BC5A1F /* Base */,
			);
			name = Main.storyboard;
			sourceTree = "<group>";
		};
		4299133422D41F6A00BC5A1F /* LaunchScreen.storyboard */ = {
			isa = PBXVariantGroup;
			children = (
				4299133522D41F6A00BC5A1F /* Base */,
			);
			name = LaunchScreen.storyboard;
			sourceTree = "<group>";
		};
/* End PBXVariantGroup section */

/* Begin XCBuildConfiguration section */
		4299133822D41F6A00BC5A1F /* Debug */ = {
			isa = XCBuildConfiguration;
			buildSettings = {
				ALWAYS_SEARCH_USER_PATHS = NO;
				CLANG_ANALYZER_NONNULL = YES;
				CLANG_ANALYZER_NUMBER_OBJECT_CONVERSION = YES_AGGRESSIVE;
				CLANG_CXX_LANGUAGE_STANDARD = "gnu++14";
				CLANG_CXX_LIBRARY = "libc++";
				CLANG_ENABLE_MODULES = YES;
				CLANG_ENABLE_OBJC_ARC = YES;
				CLANG_ENABLE_OBJC_WEAK = YES;
				CLANG_WARN_BLOCK_CAPTURE_AUTORELEASING = YES;
				CLANG_WARN_BOOL_CONVERSION = YES;
				CLANG_WARN_COMMA = YES;
				CLANG_WARN_CONSTANT_CONVERSION = YES;
				CLANG_WARN_DEPRECATED_OBJC_IMPLEMENTATIONS = YES;
				CLANG_WARN_DIRECT_OBJC_ISA_USAGE = YES_ERROR;
				CLANG_WARN_DOCUMENTATION_COMMENTS = YES;
				CLANG_WARN_EMPTY_BODY = YES;
				CLANG_WARN_ENUM_CONVERSION = YES;
				CLANG_WARN_INFINITE_RECURSION = YES;
				CLANG_WARN_INT_CONVERSION = YES;
				CLANG_WARN_NON_LITERAL_NULL_CONVERSION = YES;
				CLANG_WARN_OBJC_IMPLICIT_RETAIN_SELF = YES;
				CLANG_WARN_OBJC_LITERAL_CONVERSION = YES;
				CLANG_WARN_OBJC_ROOT_CLASS = YES_ERROR;
				CLANG_WARN_RANGE_LOOP_ANALYSIS = YES;
				CLANG_WARN_STRICT_PROTOTYPES = YES;
				CLANG_WARN_SUSPICIOUS_MOVE = YES;
				CLANG_WARN_UNGUARDED_AVAILABILITY = YES_AGGRESSIVE;
				CLANG_WARN_UNREACHABLE_CODE = YES;
				CLANG_WARN__DUPLICATE_METHOD_MATCH = YES;
				CODE_SIGN_IDENTITY = "iPhone Developer";
				COPY_PHASE_STRIP = NO;
				DEBUG_INFORMATION_FORMAT = dwarf;
				ENABLE_STRICT_OBJC_MSGSEND = YES;
				ENABLE_TESTABILITY = YES;
				GCC_C_LANGUAGE_STANDARD = gnu11;
				GCC_DYNAMIC_NO_PIC = NO;
				GCC_NO_COMMON_BLOCKS = YES;
				GCC_OPTIMIZATION_LEVEL = 0;
				GCC_PREPROCESSOR_DEFINITIONS = (
					"DEBUG=1",
					"$(inherited)",
				);
				GCC_WARN_64_TO_32_BIT_CONVERSION = YES;
				GCC_WARN_ABOUT_RETURN_TYPE = YES_ERROR;
				GCC_WARN_UNDECLARED_SELECTOR = YES;
				GCC_WARN_UNINITIALIZED_AUTOS = YES_AGGRESSIVE;
				GCC_WARN_UNUSED_FUNCTION = YES;
				GCC_WARN_UNUSED_VARIABLE = YES;
				IPHONEOS_DEPLOYMENT_TARGET = 12.2;
				MTL_ENABLE_DEBUG_INFO = INCLUDE_SOURCE;
				MTL_FAST_MATH = YES;
				ONLY_ACTIVE_ARCH = YES;
				SDKROOT = iphoneos;
				SWIFT_ACTIVE_COMPILATION_CONDITIONS = DEBUG;
				SWIFT_OPTIMIZATION_LEVEL = "-Onone";
			};
			name = Debug;
		};
		4299133922D41F6A00BC5A1F /* Release */ = {
			isa = XCBuildConfiguration;
			buildSettings = {
				ALWAYS_SEARCH_USER_PATHS = NO;
				CLANG_ANALYZER_NONNULL = YES;
				CLANG_ANALYZER_NUMBER_OBJECT_CONVERSION = YES_AGGRESSIVE;
				CLANG_CXX_LANGUAGE_STANDARD = "gnu++14";
				CLANG_CXX_LIBRARY = "libc++";
				CLANG_ENABLE_MODULES = YES;
				CLANG_ENABLE_OBJC_ARC = YES;
				CLANG_ENABLE_OBJC_WEAK = YES;
				CLANG_WARN_BLOCK_CAPTURE_AUTORELEASING = YES;
				CLANG_WARN_BOOL_CONVERSION = YES;
				CLANG_WARN_COMMA = YES;
				CLANG_WARN_CONSTANT_CONVERSION = YES;
				CLANG_WARN_DEPRECATED_OBJC_IMPLEMENTATIONS = YES;
				CLANG_WARN_DIRECT_OBJC_ISA_USAGE = YES_ERROR;
				CLANG_WARN_DOCUMENTATION_COMMENTS = YES;
				CLANG_WARN_EMPTY_BODY = YES;
				CLANG_WARN_ENUM_CONVERSION = YES;
				CLANG_WARN_INFINITE_RECURSION = YES;
				CLANG_WARN_INT_CONVERSION = YES;
				CLANG_WARN_NON_LITERAL_NULL_CONVERSION = YES;
				CLANG_WARN_OBJC_IMPLICIT_RETAIN_SELF = YES;
				CLANG_WARN_OBJC_LITERAL_CONVERSION = YES;
				CLANG_WARN_OBJC_ROOT_CLASS = YES_ERROR;
				CLANG_WARN_RANGE_LOOP_ANALYSIS = YES;
				CLANG_WARN_STRICT_PROTOTYPES = YES;
				CLANG_WARN_SUSPICIOUS_MOVE = YES;
				CLANG_WARN_UNGUARDED_AVAILABILITY = YES_AGGRESSIVE;
				CLANG_WARN_UNREACHABLE_CODE = YES;
				CLANG_WARN__DUPLICATE_METHOD_MATCH = YES;
				CODE_SIGN_IDENTITY = "iPhone Developer";
				COPY_PHASE_STRIP = NO;
				DEBUG_INFORMATION_FORMAT = "dwarf-with-dsym";
				ENABLE_NS_ASSERTIONS = NO;
				ENABLE_STRICT_OBJC_MSGSEND = YES;
				GCC_C_LANGUAGE_STANDARD = gnu11;
				GCC_NO_COMMON_BLOCKS = YES;
				GCC_WARN_64_TO_32_BIT_CONVERSION = YES;
				GCC_WARN_ABOUT_RETURN_TYPE = YES_ERROR;
				GCC_WARN_UNDECLARED_SELECTOR = YES;
				GCC_WARN_UNINITIALIZED_AUTOS = YES_AGGRESSIVE;
				GCC_WARN_UNUSED_FUNCTION = YES;
				GCC_WARN_UNUSED_VARIABLE = YES;
				IPHONEOS_DEPLOYMENT_TARGET = 12.2;
				MTL_ENABLE_DEBUG_INFO = NO;
				MTL_FAST_MATH = YES;
				SDKROOT = iphoneos;
				SWIFT_COMPILATION_MODE = wholemodule;
				SWIFT_OPTIMIZATION_LEVEL = "-O";
				VALIDATE_PRODUCT = YES;
			};
			name = Release;
		};
		4299133B22D41F6A00BC5A1F /* Debug */ = {
			isa = XCBuildConfiguration;
			buildSettings = {
				ASSETCATALOG_COMPILER_APPICON_NAME = AppIcon;
				CODE_SIGN_STYLE = Automatic;
				INFOPLIST_FILE = FoodPin__Text/Info.plist;
				LD_RUNPATH_SEARCH_PATHS = (
					"$(inherited)",
					"@executable_path/Frameworks",
				);
				PRODUCT_BUNDLE_IDENTIFIER = "-75812130.FoodPin--Text";
				PRODUCT_NAME = "$(TARGET_NAME)";
				SWIFT_VERSION = 5.0;
				TARGETED_DEVICE_FAMILY = "1,2";
			};
			name = Debug;
		};
		4299133C22D41F6A00BC5A1F /* Release */ = {
			isa = XCBuildConfiguration;
			buildSettings = {
				ASSETCATALOG_COMPILER_APPICON_NAME = AppIcon;
				CODE_SIGN_STYLE = Automatic;
				INFOPLIST_FILE = FoodPin__Text/Info.plist;
				LD_RUNPATH_SEARCH_PATHS = (
					"$(inherited)",
					"@executable_path/Frameworks",
				);
				PRODUCT_BUNDLE_IDENTIFIER = "-75812130.FoodPin--Text";
				PRODUCT_NAME = "$(TARGET_NAME)";
				SWIFT_VERSION = 5.0;
				TARGETED_DEVICE_FAMILY = "1,2";
			};
			name = Release;
		};
/* End XCBuildConfiguration section */

/* Begin XCConfigurationList section */
		4299132322D41F6100BC5A1F /* Build configuration list for PBXProject "FoodPin__Text" */ = {
			isa = XCConfigurationList;
			buildConfigurations = (
				4299133822D41F6A00BC5A1F /* Debug */,
				4299133922D41F6A00BC5A1F /* Release */,
			);
			defaultConfigurationIsVisible = 0;
			defaultConfigurationName = Release;
		};
		4299133A22D41F6A00BC5A1F /* Build configuration list for PBXNativeTarget "FoodPin__Text" */ = {
			isa = XCConfigurationList;
			buildConfigurations = (
				4299133B22D41F6A00BC5A1F /* Debug */,
				4299133C22D41F6A00BC5A1F /* Release */,
			);
			defaultConfigurationIsVisible = 0;
			defaultConfigurationName = Release;
		};
/* End XCConfigurationList section */
	};
	rootObject = 4299132022D41F6100BC5A1F /* Project object */;
}
